// !$*UTF8*$!
{
	archiveVersion = 1;
	classes = {
	};
	objectVersion = 46;
	objects = {

/* Begin PBXBuildFile section */
		480FE7071DC9048500C01E92 /* AppDelegate.swift in Sources */ = {isa = PBXBuildFile; fileRef = 480FE7061DC9048500C01E92 /* AppDelegate.swift */; };
		480FE7091DC9048500C01E92 /* ViewController.swift in Sources */ = {isa = PBXBuildFile; fileRef = 480FE7081DC9048500C01E92 /* ViewController.swift */; };
		480FE70C1DC9048500C01E92 /* Main.storyboard in Resources */ = {isa = PBXBuildFile; fileRef = 480FE70A1DC9048500C01E92 /* Main.storyboard */; };
		480FE70E1DC9048500C01E92 /* Assets.xcassets in Resources */ = {isa = PBXBuildFile; fileRef = 480FE70D1DC9048500C01E92 /* Assets.xcassets */; };
		480FE7111DC9048500C01E92 /* LaunchScreen.storyboard in Resources */ = {isa = PBXBuildFile; fileRef = 480FE70F1DC9048500C01E92 /* LaunchScreen.storyboard */; };
		480FE7191DC90FBC00C01E92 /* ScrollingViewController.swift in Sources */ = {isa = PBXBuildFile; fileRef = 480FE7181DC90FBC00C01E92 /* ScrollingViewController.swift */; };
/* End PBXBuildFile section */

/* Begin PBXFileReference section */
		480FE7031DC9048500C01E92 /* Eisenberg's.app */ = {isa = PBXFileReference; explicitFileType = wrapper.application; includeInIndex = 0; path = "Eisenberg's.app"; sourceTree = BUILT_PRODUCTS_DIR; };
		480FE7061DC9048500C01E92 /* AppDelegate.swift */ = {isa = PBXFileReference; lastKnownFileType = sourcecode.swift; path = AppDelegate.swift; sourceTree = "<group>"; };
		480FE7081DC9048500C01E92 /* ViewController.swift */ = {isa = PBXFileReference; lastKnownFileType = sourcecode.swift; path = ViewController.swift; sourceTree = "<group>"; };
		480FE70B1DC9048500C01E92 /* Base */ = {isa = PBXFileReference; lastKnownFileType = file.storyboard; name = Base; path = Base.lproj/Main.storyboard; sourceTree = "<group>"; };
		480FE70D1DC9048500C01E92 /* Assets.xcassets */ = {isa = PBXFileReference; lastKnownFileType = folder.assetcatalog; path = Assets.xcassets; sourceTree = "<group>"; };
		480FE7101DC9048500C01E92 /* Base */ = {isa = PBXFileReference; lastKnownFileType = file.storyboard; name = Base; path = Base.lproj/LaunchScreen.storyboard; sourceTree = "<group>"; };
		480FE7121DC9048500C01E92 /* Info.plist */ = {isa = PBXFileReference; lastKnownFileType = text.plist.xml; path = Info.plist; sourceTree = "<group>"; };
		480FE7181DC90FBC00C01E92 /* ScrollingViewController.swift */ = {isa = PBXFileReference; fileEncoding = 4; lastKnownFileType = sourcecode.swift; path = ScrollingViewController.swift; sourceTree = "<group>"; };
/* End PBXFileReference section */

/* Begin PBXFrameworksBuildPhase section */
		480FE7001DC9048500C01E92 /* Frameworks */ = {
			isa = PBXFrameworksBuildPhase;
			buildActionMask = 2147483647;
			files = (
			);
			runOnlyForDeploymentPostprocessing = 0;
		};
/* End PBXFrameworksBuildPhase section */

/* Begin PBXGroup section */
		480FE6FA1DC9048500C01E92 = {
			isa = PBXGroup;
			children = (
				480FE7051DC9048500C01E92 /* Eisenberg's */,
				480FE7041DC9048500C01E92 /* Products */,
			);
			sourceTree = "<group>";
		};
		480FE7041DC9048500C01E92 /* Products */ = {
			isa = PBXGroup;
			children = (
				480FE7031DC9048500C01E92 /* Eisenberg's.app */,
			);
			name = Products;
			sourceTree = "<group>";
		};
		480FE7051DC9048500C01E92 /* Eisenberg's */ = {
			isa = PBXGroup;
			children = (
				480FE7061DC9048500C01E92 /* AppDelegate.swift */,
				480FE7081DC9048500C01E92 /* ViewController.swift */,
				480FE70A1DC9048500C01E92 /* Main.storyboard */,
				480FE7181DC90FBC00C01E92 /* ScrollingViewController.swift */,
				480FE70D1DC9048500C01E92 /* Assets.xcassets */,
				480FE70F1DC9048500C01E92 /* LaunchScreen.storyboard */,
				480FE7121DC9048500C01E92 /* Info.plist */,
			);
			path = "Eisenberg's";
			sourceTree = "<group>";
		};
/* End PBXGroup section */

/* Begin PBXNativeTarget section */
		480FE7021DC9048500C01E92 /* Eisenberg's */ = {
			isa = PBXNativeTarget;
			buildConfigurationList = 480FE7151DC9048500C01E92 /* Build configuration list for PBXNativeTarget "Eisenberg's" */;
			buildPhases = (
				480FE6FF1DC9048500C01E92 /* Sources */,
				480FE7001DC9048500C01E92 /* Frameworks */,
				480FE7011DC9048500C01E92 /* Resources */,
			);
			buildRules = (
			);
			dependencies = (
			);
			name = "Eisenberg's";
			productName = "Eisenberg's";
			productReference = 480FE7031DC9048500C01E92 /* Eisenberg's.app */;
			productType = "com.apple.product-type.application";
		};
/* End PBXNativeTarget section */

/* Begin PBXProject section */
		480FE6FB1DC9048500C01E92 /* Project object */ = {
			isa = PBXProject;
			attributes = {
				LastSwiftUpdateCheck = 0800;
				LastUpgradeCheck = 0800;
				ORGANIZATIONNAME = "Olivia Taylor";
				TargetAttributes = {
					480FE7021DC9048500C01E92 = {
						CreatedOnToolsVersion = 8.0;
						DevelopmentTeam = FJ4YRZ38Y3;
						ProvisioningStyle = Automatic;
					};
				};
			};
			buildConfigurationList = 480FE6FE1DC9048500C01E92 /* Build configuration list for PBXProject "Eisenberg's" */;
			compatibilityVersion = "Xcode 3.2";
			developmentRegion = English;
			hasScannedForEncodings = 0;
			knownRegions = (
				en,
				Base,
			);
			mainGroup = 480FE6FA1DC9048500C01E92;
			productRefGroup = 480FE7041DC9048500C01E92 /* Products */;
			projectDirPath = "";
			projectRoot = "";
			targets = (
				480FE7021DC9048500C01E92 /* Eisenberg's */,
			);
		};
/* End PBXProject section */

/* Begin PBXResourcesBuildPhase section */
		480FE7011DC9048500C01E92 /* Resources */ = {
			isa = PBXResourcesBuildPhase;
			buildActionMask = 2147483647;
			files = (
				480FE7111DC9048500C01E92 /* LaunchScreen.storyboard in Resources */,
				480FE70E1DC9048500C01E92 /* Assets.xcassets in Resources */,
				480FE70C1DC9048500C01E92 /* Main.storyboard in Resources */,
			);
			runOnlyForDeploymentPostprocessing = 0;
		};
/* End PBXResourcesBuildPhase section */

/* Begin PBXSourcesBuildPhase section */
		480FE6FF1DC9048500C01E92 /* Sources */ = {
			isa = PBXSourcesBuildPhase;
			buildActionMask = 2147483647;
			files = (
				480FE7091DC9048500C01E92 /* ViewController.swift in Sources */,
				480FE7191DC90FBC00C01E92 /* ScrollingViewController.swift in Sources */,
				480FE7071DC9048500C01E92 /* AppDelegate.swift in Sources */,
			);
			runOnlyForDeploymentPostprocessing = 0;
		};
/* End PBXSourcesBuildPhase section */

/* Begin PBXVariantGroup section */
		480FE70A1DC9048500C01E92 /* Main.storyboard */ = {
			isa = PBXVariantGroup;
			children = (
				480FE70B1DC9048500C01E92 /* Base */,
			);
			name = Main.storyboard;
			sourceTree = "<group>";
		};
		480FE70F1DC9048500C01E92 /* LaunchScreen.storyboard */ = {
			isa = PBXVariantGroup;
			children = (
				480FE7101DC9048500C01E92 /* Base */,
			);
			name = LaunchScreen.storyboard;
			sourceTree = "<group>";
		};
/* End PBXVariantGroup section */

/* Begin XCBuildConfiguration section */
		480FE7131DC9048500C01E92 /* Debug */ = {
			isa = XCBuildConfiguration;
			buildSettings = {
				ALWAYS_SEARCH_USER_PATHS = NO;
				CLANG_ANALYZER_NONNULL = YES;
				CLANG_CXX_LANGUAGE_STANDARD = "gnu++0x";
				CLANG_CXX_LIBRARY = "libc++";
				CLANG_ENABLE_MODULES = YES;
				CLANG_ENABLE_OBJC_ARC = YES;
				CLANG_WARN_BOOL_CONVERSION = YES;
				CLANG_WARN_CONSTANT_CONVERSION = YES;
				CLANG_WARN_DIRECT_OBJC_ISA_USAGE = YES_ERROR;
				CLANG_WARN_DOCUMENTATION_COMMENTS = YES;
				CLANG_WARN_EMPTY_BODY = YES;
				CLANG_WARN_ENUM_CONVERSION = YES;
				CLANG_WARN_INFINITE_RECURSION = YES;
				CLANG_WARN_INT_CONVERSION = YES;
				CLANG_WARN_OBJC_ROOT_CLASS = YES_ERROR;
				CLANG_WARN_SUSPICIOUS_MOVES = YES;
				CLANG_WARN_UNREACHABLE_CODE = YES;
				CLANG_WARN__DUPLICATE_METHOD_MATCH = YES;
				"CODE_SIGN_IDENTITY[sdk=iphoneos*]" = "iPhone Developer";
				COPY_PHASE_STRIP = NO;
				DEBUG_INFORMATION_FORMAT = dwarf;
				ENABLE_STRICT_OBJC_MSGSEND = YES;
				ENABLE_TESTABILITY = YES;
				GCC_C_LANGUAGE_STANDARD = gnu99;
				GCC_DYNAMIC_NO_PIC = NO;
				GCC_NO_COMMON_BLOCKS = YES;
				GCC_OPTIMIZATION_LEVEL = 0;
				GCC_PREPROCESSOR_DEFINITIONS = (
					"DEBUG=1",
					"$(inherited)",
				);
				GCC_WARN_64_TO_32_BIT_CONVERSION = YES;
				GCC_WARN_ABOUT_RETURN_TYPE = YES_ERROR;
				GCC_WARN_UNDECLARED_SELECTOR = YES;
				GCC_WARN_UNINITIALIZED_AUTOS = YES_AGGRESSIVE;
				GCC_WARN_UNUSED_FUNCTION = YES;
				GCC_WARN_UNUSED_VARIABLE = YES;
				IPHONEOS_DEPLOYMENT_TARGET = 10.0;
				MTL_ENABLE_DEBUG_INFO = YES;
				ONLY_ACTIVE_ARCH = YES;
				SDKROOT = iphoneos;
				SWIFT_ACTIVE_COMPILATION_CONDITIONS = DEBUG;
				SWIFT_OPTIMIZATION_LEVEL = "-Onone";
				TARGETED_DEVICE_FAMILY = "1,2";
			};
			name = Debug;
		};
		480FE7141DC9048500C01E92 /* Release */ = {
			isa = XCBuildConfiguration;
			buildSettings = {
				ALWAYS_SEARCH_USER_PATHS = NO;
				CLANG_ANALYZER_NONNULL = YES;
				CLANG_CXX_LANGUAGE_STANDARD = "gnu++0x";
				CLANG_CXX_LIBRARY = "libc++";
				CLANG_ENABLE_MODULES = YES;
				CLANG_ENABLE_OBJC_ARC = YES;
				CLANG_WARN_BOOL_CONVERSION = YES;
				CLANG_WARN_CONSTANT_CONVERSION = YES;
				CLANG_WARN_DIRECT_OBJC_ISA_USAGE = YES_ERROR;
				CLANG_WARN_DOCUMENTATION_COMMENTS = YES;
				CLANG_WARN_EMPTY_BODY = YES;
				CLANG_WARN_ENUM_CONVERSION = YES;
				CLANG_WARN_INFINITE_RECURSION = YES;
				CLANG_WARN_INT_CONVERSION = YES;
				CLANG_WARN_OBJC_ROOT_CLASS = YES_ERROR;
				CLANG_WARN_SUSPICIOUS_MOVES = YES;
				CLANG_WARN_UNREACHABLE_CODE = YES;
				CLANG_WARN__DUPLICATE_METHOD_MATCH = YES;
				"CODE_SIGN_IDENTITY[sdk=iphoneos*]" = "iPhone Developer";
				COPY_PHASE_STRIP = NO;
				DEBUG_INFORMATION_FORMAT = "dwarf-with-dsym";
				ENABLE_NS_ASSERTIONS = NO;
				ENABLE_STRICT_OBJC_MSGSEND = YES;
				GCC_C_LANGUAGE_STANDARD = gnu99;
				GCC_NO_COMMON_BLOCKS = YES;
				GCC_WARN_64_TO_32_BIT_CONVERSION = YES;
				GCC_WARN_ABOUT_RETURN_TYPE = YES_ERROR;
				GCC_WARN_UNDECLARED_SELECTOR = YES;
				GCC_WARN_UNINITIALIZED_AUTOS = YES_AGGRESSIVE;
				GCC_WARN_UNUSED_FUNCTION = YES;
				GCC_WARN_UNUSED_VARIABLE = YES;
				IPHONEOS_DEPLOYMENT_TARGET = 10.0;
				MTL_ENABLE_DEBUG_INFO = NO;
				SDKROOT = iphoneos;
				SWIFT_OPTIMIZATION_LEVEL = "-Owholemodule";
				TARGETED_DEVICE_FAMILY = "1,2";
				VALIDATE_PRODUCT = YES;
			};
			name = Release;
		};
		480FE7161DC9048500C01E92 /* Debug */ = {
			isa = XCBuildConfiguration;
			buildSettings = {
				ASSETCATALOG_COMPILER_APPICON_NAME = AppIcon;
				DEVELOPMENT_TEAM = FJ4YRZ38Y3;
				INFOPLIST_FILE = "Eisenberg's/Info.plist";
				LD_RUNPATH_SEARCH_PATHS = "$(inherited) @executable_path/Frameworks";
				PRODUCT_BUNDLE_IDENTIFIER = "io.turntotech.Eisenberg-s";
				PRODUCT_NAME = "$(TARGET_NAME)";
				SWIFT_VERSION = 3.0;
			};
			name = Debug;
		};
		480FE7171DC9048500C01E92 /* Release */ = {
			isa = XCBuildConfiguration;
			buildSettings = {
				ASSETCATALOG_COMPILER_APPICON_NAME = AppIcon;
				DEVELOPMENT_TEAM = FJ4YRZ38Y3;
				INFOPLIST_FILE = "Eisenberg's/Info.plist";
				LD_RUNPATH_SEARCH_PATHS = "$(inherited) @executable_path/Frameworks";
				PRODUCT_BUNDLE_IDENTIFIER = "io.turntotech.Eisenberg-s";
				PRODUCT_NAME = "$(TARGET_NAME)";
				SWIFT_VERSION = 3.0;
			};
			name = Release;
		};
/* End XCBuildConfiguration section */

/* Begin XCConfigurationList section */
		480FE6FE1DC9048500C01E92 /* Build configuration list for PBXProject "Eisenberg's" */ = {
			isa = XCConfigurationList;
			buildConfigurations = (
				480FE7131DC9048500C01E92 /* Debug */,
				480FE7141DC9048500C01E92 /* Release */,
			);
			defaultConfigurationIsVisible = 0;
			defaultConfigurationName = Release;
		};
		480FE7151DC9048500C01E92 /* Build configuration list for PBXNativeTarget "Eisenberg's" */ = {
			isa = XCConfigurationList;
			buildConfigurations = (
				480FE7161DC9048500C01E92 /* Debug */,
				480FE7171DC9048500C01E92 /* Release */,
			);
			defaultConfigurationIsVisible = 0;
		};
/* End XCConfigurationList section */
	};
	rootObject = 480FE6FB1DC9048500C01E92 /* Project object */;
}
